
Microsoft Visual Studio Solution File, Format Version 12.00
# Visual Studio 15
VisualStudioVersion = 15.0.28307.705
MinimumVisualStudioVersion = 10.0.40219.1
Project("{F184B08F-C81C-45F6-A57F-5ABD9991F28F}") = "ProxyAutoChange", "ProxyAutoChange.vbproj", "{E80D0AD3-50AB-4C8B-A1EC-76FF301AAD4C}"
EndProject
Global
	GlobalSection(SolutionConfigurationPlatforms) = preSolution
		Debug|Any CPU = Debug|Any CPU
		Release|Any CPU = Release|Any CPU
	EndGlobalSection
	GlobalSection(ProjectConfigurationPlatforms) = postSolution
		{E80D0AD3-50AB-4C8B-A1EC-76FF301AAD4C}.Debug|Any CPU.ActiveCfg = Debug|Any CPU
		{E80D0AD3-50AB-4C8B-A1EC-76FF301AAD4C}.Debug|Any CPU.Build.0 = Debug|Any CPU
		{E80D0AD3-50AB-4C8B-A1EC-76FF301AAD4C}.Release|Any CPU.ActiveCfg = Release|Any CPU
		{E80D0AD3-50AB-4C8B-A1EC-76FF301AAD4C}.Release|Any CPU.Build.0 = Release|Any CPU
	EndGlobalSection
	GlobalSection(SolutionProperties) = preSolution
		HideSolutionNode = FALSE
	EndGlobalSection
	GlobalSection(ExtensibilityGlobals) = postSolution
		SolutionGuid = {AF41823D-D04D-47C0-9361-F3DCBFC552F7}
	EndGlobalSection
EndGlobal
